
Microsoft Visual Studio Solution File, Format Version 12.00
# Visual Studio 15
VisualStudioVersion = 15.0.27004.2009
MinimumVisualStudioVersion = 10.0.40219.1
Project("{FAE04EC0-301F-11D3-BF4B-00C04F79EFBC}") = "BS.UI", "BS.UI\BS.UI.csproj", "{A626E5F9-ACD4-4CB0-9E2F-F70324F42BB3}"
EndProject
Project("{FAE04EC0-301F-11D3-BF4B-00C04F79EFBC}") = "BS.Business", "BS.Business\BS.Business.csproj", "{3B1E0086-C3C8-443C-A692-D95119C33803}"
EndProject
Project("{FAE04EC0-301F-11D3-BF4B-00C04F79EFBC}") = "BS.Data", "BS.Data\BS.Data.csproj", "{0F1C0699-186C-42D5-B904-1305831EBAFF}"
EndProject
Project("{00D1A9C2-B5F0-4AF3-8072-F6C62B433612}") = "BS.DataBase", "BS.DataBase\BS.DataBase.sqlproj", "{F6D7CC31-9525-4DD7-A692-F4AD902198AD}"
EndProject
Global
	GlobalSection(SolutionConfigurationPlatforms) = preSolution
		Debug|Any CPU = Debug|Any CPU
		Release|Any CPU = Release|Any CPU
	EndGlobalSection
	GlobalSection(ProjectConfigurationPlatforms) = postSolution
		{A626E5F9-ACD4-4CB0-9E2F-F70324F42BB3}.Debug|Any CPU.ActiveCfg = Debug|Any CPU
		{A626E5F9-ACD4-4CB0-9E2F-F70324F42BB3}.Debug|Any CPU.Build.0 = Debug|Any CPU
		{A626E5F9-ACD4-4CB0-9E2F-F70324F42BB3}.Release|Any CPU.ActiveCfg = Release|Any CPU
		{A626E5F9-ACD4-4CB0-9E2F-F70324F42BB3}.Release|Any CPU.Build.0 = Release|Any CPU
		{3B1E0086-C3C8-443C-A692-D95119C33803}.Debug|Any CPU.ActiveCfg = Debug|Any CPU
		{3B1E0086-C3C8-443C-A692-D95119C33803}.Debug|Any CPU.Build.0 = Debug|Any CPU
		{3B1E0086-C3C8-443C-A692-D95119C33803}.Release|Any CPU.ActiveCfg = Release|Any CPU
		{3B1E0086-C3C8-443C-A692-D95119C33803}.Release|Any CPU.Build.0 = Release|Any CPU
		{0F1C0699-186C-42D5-B904-1305831EBAFF}.Debug|Any CPU.ActiveCfg = Debug|Any CPU
		{0F1C0699-186C-42D5-B904-1305831EBAFF}.Debug|Any CPU.Build.0 = Debug|Any CPU
		{0F1C0699-186C-42D5-B904-1305831EBAFF}.Release|Any CPU.ActiveCfg = Release|Any CPU
		{0F1C0699-186C-42D5-B904-1305831EBAFF}.Release|Any CPU.Build.0 = Release|Any CPU
		{F6D7CC31-9525-4DD7-A692-F4AD902198AD}.Debug|Any CPU.ActiveCfg = Debug|Any CPU
		{F6D7CC31-9525-4DD7-A692-F4AD902198AD}.Debug|Any CPU.Build.0 = Debug|Any CPU
		{F6D7CC31-9525-4DD7-A692-F4AD902198AD}.Debug|Any CPU.Deploy.0 = Debug|Any CPU
		{F6D7CC31-9525-4DD7-A692-F4AD902198AD}.Release|Any CPU.ActiveCfg = Release|Any CPU
		{F6D7CC31-9525-4DD7-A692-F4AD902198AD}.Release|Any CPU.Build.0 = Release|Any CPU
		{F6D7CC31-9525-4DD7-A692-F4AD902198AD}.Release|Any CPU.Deploy.0 = Release|Any CPU
	EndGlobalSection
	GlobalSection(SolutionProperties) = preSolution
		HideSolutionNode = FALSE
	EndGlobalSection
	GlobalSection(ExtensibilityGlobals) = postSolution
		SolutionGuid = {FEC5A239-F577-4FE1-9099-EE4F0167B10E}
	EndGlobalSection
EndGlobal
